
Microsoft Visual Studio Solution File, Format Version 12.00
# Visual Studio Version 16
VisualStudioVersion = 16.0.29215.179
MinimumVisualStudioVersion = 10.0.40219.1
Project("{7CF6DF6D-3B04-46F8-A40B-537D21BCA0B4}") = "Documentation", "Documentation\Documentation.shfbproj", "{04BA65BF-B9D4-418D-8787-6A917221516D}"
EndProject
Project("{9A19103F-16F7-4668-BE54-9A1E7A4F7556}") = "BionicCode.Utilities.Net.Standard", "BionicCode.Utilities.Net.Standard\BionicCode.Utilities.Net.Standard.csproj", "{D147481E-42DB-4069-A8EB-88D5872D9FF1}"
EndProject
Project("{9A19103F-16F7-4668-BE54-9A1E7A4F7556}") = "BionicCode.Utilities.Net.Core.Wpf", "BionicCode.Utilities.Net.Core.Wpf\BionicCode.Utilities.Net.Core.Wpf.csproj", "{34BB1868-0F08-43CE-A225-3EE31268A900}"
EndProject
Project("{FAE04EC0-301F-11D3-BF4B-00C04F79EFBC}") = "BionicCode.Utilities.UnitTest.Uwp", "BionicCode.Utilities.UnitTest.Uwp\BionicCode.Utilities.UnitTest.Uwp.csproj", "{1EECAEFD-72BB-4215-B1CF-93ABE127D502}"
EndProject
Project("{FAE04EC0-301F-11D3-BF4B-00C04F79EFBC}") = "BionicCode.Utilities.UnitTest.Net.Framework", "BionicCode.Utilities.UnitTest.Net.Framework\BionicCode.Utilities.UnitTest.Net.Framework.csproj", "{5C2CC79E-C07A-4B1B-97BE-9E4156F882DC}"
EndProject
Project("{9A19103F-16F7-4668-BE54-9A1E7A4F7556}") = "BionicCode.Utilities.UnitTest.Net.Core", "BionicCode.Utilities.UnitTest.Net.Core\BionicCode.Utilities.UnitTest.Net.Core.csproj", "{EE94D9A6-1DCD-428E-996C-EBD15CF1756E}"
EndProject
Project("{FAE04EC0-301F-11D3-BF4B-00C04F79EFBC}") = "BionicCode.Utilities.UnitTest.Net.Standard", "BionicCode.Utilities.UnitTest.Net.Standard\BionicCode.Utilities.UnitTest.Net.Standard.csproj", "{1E49A8F2-FACB-47E3-BA4B-2C07C1EEFBEB}"
EndProject
Project("{9A19103F-16F7-4668-BE54-9A1E7A4F7556}") = "BionicCode.Controls.Net.Core.Wpf", "BionicCode.Controls.Net.Core.Wpf\BionicCode.Controls.Net.Core.Wpf.csproj", "{DA323F56-3C0F-4D2E-A99F-D6E3CCA0C3B0}"
EndProject
Project("{FAE04EC0-301F-11D3-BF4B-00C04F79EFBC}") = "BionicCode.Utilities.Net.Framework.Wpf", "BionicCode.Utilities.Net.Framework.Wpf\BionicCode.Utilities.Net.Framework.Wpf.csproj", "{F1F301F6-CAF9-4460-BC4A-F73EA1789C5F}"
EndProject
Project("{9A19103F-16F7-4668-BE54-9A1E7A4F7556}") = "BionicCode.Utilities.Net.Core", "BionicCode.Utilities.Net.Core\BionicCode.Utilities.Net.Core.csproj", "{6F475D71-A5D3-43DA-BE00-1C4AF7847FB9}"
EndProject
Project("{2150E333-8FDC-42A3-9474-1A3956D46DE8}") = "Utilities", "Utilities", "{E7C11EA6-30D0-47FA-AA0F-7F4DFC2B9207}"
EndProject
Project("{2150E333-8FDC-42A3-9474-1A3956D46DE8}") = "Test", "Test", "{DAEE9A79-D61E-40A7-AE37-D71DF21228AB}"
EndProject
Project("{2150E333-8FDC-42A3-9474-1A3956D46DE8}") = "Controls", "Controls", "{AB32F14A-8987-4997-8BE6-0CA8BC4F3619}"
EndProject
Project("{FAE04EC0-301F-11D3-BF4B-00C04F79EFBC}") = "BionicCode.Controls.Net.Framework.Wpf", "BionicCode.Controls.Net.Framework.Wpf\BionicCode.Controls.Net.Framework.Wpf.csproj", "{F395F4BF-FD3F-4A00-B6F7-4FF879B8CB9E}"
EndProject
Project("{9A19103F-16F7-4668-BE54-9A1E7A4F7556}") = "BionicCode.Utilities.UnitTest.Net.Core.Wpf", "BionicCode.Utilities.UnitTest.Net.Core.Wpf\BionicCode.Utilities.UnitTest.Net.Core.Wpf.csproj", "{F00EA168-1A5F-49A3-8C13-4D9AC5F8EA34}"
EndProject
Project("{FAE04EC0-301F-11D3-BF4B-00C04F79EFBC}") = "BionicCode.Utilities.UnitTest.Net.Framework.Wpf", "BionicCode.Utilities.UnitTest.Net.Framework.Wpf\BionicCode.Utilities.UnitTest.Net.Framework.Wpf.csproj", "{F65439EA-EBCF-4EBE-9181-3307F4289F24}"
EndProject
Project("{FAE04EC0-301F-11D3-BF4B-00C04F79EFBC}") = "BionicCode.Net.Framework.Wpf.BionicCharts.Ui.Test", "BionicCode.Net.Framework.Wpf.BionicCharts.Ui.Test\BionicCode.Net.Framework.Wpf.BionicCharts.Ui.Test.csproj", "{83FDAC1F-7BCD-4A38-9B13-B778024C50B2}"
EndProject
Project("{FAE04EC0-301F-11D3-BF4B-00C04F79EFBC}") = "BionicCode.Utilities.Net.Framework", "BionicCode.Utilities.Net.Framework\BionicCode.Utilities.Net.Framework.csproj", "{4C616501-0A08-48E4-864D-1FB631F4AE23}"
EndProject
Project("{FAE04EC0-301F-11D3-BF4B-00C04F79EFBC}") = "BionicCode.Utilities.Net.Uwp", "BionicCode.Utilities.Net.Uwp\BionicCode.Utilities.Net.Uwp.csproj", "{FB7EDF2E-1724-4507-A168-F053C2DF5143}"
EndProject
Project("{9A19103F-16F7-4668-BE54-9A1E7A4F7556}") = "BionicCode.Net.Framework.Core.Ui.Test", "BionicCode.Net.Framework.Core.Ui.Test\BionicCode.Net.Framework.Core.Ui.Test.csproj", "{41C8EE6D-F3AC-471D-BBD6-CD50658558CF}"
EndProject
Project("{9A19103F-16F7-4668-BE54-9A1E7A4F7556}") = "BionicCode.Utilities.Net.Wpf", "BionicCode.Utilities.Net.Wpf\BionicCode.Utilities.Net.Wpf.csproj", "{AFAE1D3F-B27E-43B5-9242-72AD4C13CB08}"
EndProject
Project("{FAE04EC0-301F-11D3-BF4B-00C04F79EFBC}") = "BionicCode.Controls.Net.Wpf", "BionicCode.Controls.Net.Wpf\BionicCode.Controls.Net.Wpf.csproj", "{CBCC24C7-DC13-43C6-AFBC-9FB38C3008B2}"
EndProject
Global
	GlobalSection(SolutionConfigurationPlatforms) = preSolution
		Debug|Any CPU = Debug|Any CPU
		Debug|ARM = Debug|ARM
		Debug|ARM64 = Debug|ARM64
		Debug|x64 = Debug|x64
		Debug|x86 = Debug|x86
		Release|Any CPU = Release|Any CPU
		Release|ARM = Release|ARM
		Release|ARM64 = Release|ARM64
		Release|x64 = Release|x64
		Release|x86 = Release|x86
	EndGlobalSection
	GlobalSection(ProjectConfigurationPlatforms) = postSolution
		{04BA65BF-B9D4-418D-8787-6A917221516D}.Debug|Any CPU.ActiveCfg = Debug|Any CPU
		{04BA65BF-B9D4-418D-8787-6A917221516D}.Debug|ARM.ActiveCfg = Debug|Any CPU
		{04BA65BF-B9D4-418D-8787-6A917221516D}.Debug|ARM.Build.0 = Debug|Any CPU
		{04BA65BF-B9D4-418D-8787-6A917221516D}.Debug|ARM64.ActiveCfg = Debug|Any CPU
		{04BA65BF-B9D4-418D-8787-6A917221516D}.Debug|ARM64.Build.0 = Debug|Any CPU
		{04BA65BF-B9D4-418D-8787-6A917221516D}.Debug|x64.ActiveCfg = Debug|Any CPU
		{04BA65BF-B9D4-418D-8787-6A917221516D}.Debug|x64.Build.0 = Debug|Any CPU
		{04BA65BF-B9D4-418D-8787-6A917221516D}.Debug|x86.ActiveCfg = Debug|Any CPU
		{04BA65BF-B9D4-418D-8787-6A917221516D}.Debug|x86.Build.0 = Debug|Any CPU
		{04BA65BF-B9D4-418D-8787-6A917221516D}.Release|Any CPU.ActiveCfg = Release|Any CPU
		{04BA65BF-B9D4-418D-8787-6A917221516D}.Release|Any CPU.Build.0 = Release|Any CPU
		{04BA65BF-B9D4-418D-8787-6A917221516D}.Release|ARM.ActiveCfg = Release|Any CPU
		{04BA65BF-B9D4-418D-8787-6A917221516D}.Release|ARM.Build.0 = Release|Any CPU
		{04BA65BF-B9D4-418D-8787-6A917221516D}.Release|ARM64.ActiveCfg = Release|Any CPU
		{04BA65BF-B9D4-418D-8787-6A917221516D}.Release|ARM64.Build.0 = Release|Any CPU
		{04BA65BF-B9D4-418D-8787-6A917221516D}.Release|x64.ActiveCfg = Release|Any CPU
		{04BA65BF-B9D4-418D-8787-6A917221516D}.Release|x64.Build.0 = Release|Any CPU
		{04BA65BF-B9D4-418D-8787-6A917221516D}.Release|x86.ActiveCfg = Release|Any CPU
		{04BA65BF-B9D4-418D-8787-6A917221516D}.Release|x86.Build.0 = Release|Any CPU
		{D147481E-42DB-4069-A8EB-88D5872D9FF1}.Debug|Any CPU.ActiveCfg = Debug|Any CPU
		{D147481E-42DB-4069-A8EB-88D5872D9FF1}.Debug|Any CPU.Build.0 = Debug|Any CPU
		{D147481E-42DB-4069-A8EB-88D5872D9FF1}.Debug|ARM.ActiveCfg = Debug|Any CPU
		{D147481E-42DB-4069-A8EB-88D5872D9FF1}.Debug|ARM.Build.0 = Debug|Any CPU
		{D147481E-42DB-4069-A8EB-88D5872D9FF1}.Debug|ARM64.ActiveCfg = Debug|Any CPU
		{D147481E-42DB-4069-A8EB-88D5872D9FF1}.Debug|ARM64.Build.0 = Debug|Any CPU
		{D147481E-42DB-4069-A8EB-88D5872D9FF1}.Debug|x64.ActiveCfg = Debug|Any CPU
		{D147481E-42DB-4069-A8EB-88D5872D9FF1}.Debug|x64.Build.0 = Debug|Any CPU
		{D147481E-42DB-4069-A8EB-88D5872D9FF1}.Debug|x86.ActiveCfg = Debug|Any CPU
		{D147481E-42DB-4069-A8EB-88D5872D9FF1}.Debug|x86.Build.0 = Debug|Any CPU
		{D147481E-42DB-4069-A8EB-88D5872D9FF1}.Release|Any CPU.ActiveCfg = Release|Any CPU
		{D147481E-42DB-4069-A8EB-88D5872D9FF1}.Release|Any CPU.Build.0 = Release|Any CPU
		{D147481E-42DB-4069-A8EB-88D5872D9FF1}.Release|ARM.ActiveCfg = Release|Any CPU
		{D147481E-42DB-4069-A8EB-88D5872D9FF1}.Release|ARM.Build.0 = Release|Any CPU
		{D147481E-42DB-4069-A8EB-88D5872D9FF1}.Release|ARM64.ActiveCfg = Release|Any CPU
		{D147481E-42DB-4069-A8EB-88D5872D9FF1}.Release|ARM64.Build.0 = Release|Any CPU
		{D147481E-42DB-4069-A8EB-88D5872D9FF1}.Release|x64.ActiveCfg = Release|Any CPU
		{D147481E-42DB-4069-A8EB-88D5872D9FF1}.Release|x64.Build.0 = Release|Any CPU
		{D147481E-42DB-4069-A8EB-88D5872D9FF1}.Release|x86.ActiveCfg = Release|Any CPU
		{D147481E-42DB-4069-A8EB-88D5872D9FF1}.Release|x86.Build.0 = Release|Any CPU
		{34BB1868-0F08-43CE-A225-3EE31268A900}.Debug|Any CPU.ActiveCfg = Debug|Any CPU
		{34BB1868-0F08-43CE-A225-3EE31268A900}.Debug|Any CPU.Build.0 = Debug|Any CPU
		{34BB1868-0F08-43CE-A225-3EE31268A900}.Debug|ARM.ActiveCfg = Debug|Any CPU
		{34BB1868-0F08-43CE-A225-3EE31268A900}.Debug|ARM.Build.0 = Debug|Any CPU
		{34BB1868-0F08-43CE-A225-3EE31268A900}.Debug|ARM64.ActiveCfg = Debug|Any CPU
		{34BB1868-0F08-43CE-A225-3EE31268A900}.Debug|ARM64.Build.0 = Debug|Any CPU
		{34BB1868-0F08-43CE-A225-3EE31268A900}.Debug|x64.ActiveCfg = Debug|Any CPU
		{34BB1868-0F08-43CE-A225-3EE31268A900}.Debug|x64.Build.0 = Debug|Any CPU
		{34BB1868-0F08-43CE-A225-3EE31268A900}.Debug|x86.ActiveCfg = Debug|Any CPU
		{34BB1868-0F08-43CE-A225-3EE31268A900}.Debug|x86.Build.0 = Debug|Any CPU
		{34BB1868-0F08-43CE-A225-3EE31268A900}.Release|Any CPU.ActiveCfg = Release|Any CPU
		{34BB1868-0F08-43CE-A225-3EE31268A900}.Release|Any CPU.Build.0 = Release|Any CPU
		{34BB1868-0F08-43CE-A225-3EE31268A900}.Release|ARM.ActiveCfg = Release|Any CPU
		{34BB1868-0F08-43CE-A225-3EE31268A900}.Release|ARM.Build.0 = Release|Any CPU
		{34BB1868-0F08-43CE-A225-3EE31268A900}.Release|ARM64.ActiveCfg = Release|Any CPU
		{34BB1868-0F08-43CE-A225-3EE31268A900}.Release|ARM64.Build.0 = Release|Any CPU
		{34BB1868-0F08-43CE-A225-3EE31268A900}.Release|x64.ActiveCfg = Release|Any CPU
		{34BB1868-0F08-43CE-A225-3EE31268A900}.Release|x64.Build.0 = Release|Any CPU
		{34BB1868-0F08-43CE-A225-3EE31268A900}.Release|x86.ActiveCfg = Release|Any CPU
		{34BB1868-0F08-43CE-A225-3EE31268A900}.Release|x86.Build.0 = Release|Any CPU
		{1EECAEFD-72BB-4215-B1CF-93ABE127D502}.Debug|Any CPU.ActiveCfg = Debug|x86
		{1EECAEFD-72BB-4215-B1CF-93ABE127D502}.Debug|ARM.ActiveCfg = Debug|ARM
		{1EECAEFD-72BB-4215-B1CF-93ABE127D502}.Debug|ARM.Build.0 = Debug|ARM
		{1EECAEFD-72BB-4215-B1CF-93ABE127D502}.Debug|ARM.Deploy.0 = Debug|ARM
		{1EECAEFD-72BB-4215-B1CF-93ABE127D502}.Debug|ARM64.ActiveCfg = Debug|ARM64
		{1EECAEFD-72BB-4215-B1CF-93ABE127D502}.Debug|ARM64.Build.0 = Debug|ARM64
		{1EECAEFD-72BB-4215-B1CF-93ABE127D502}.Debug|ARM64.Deploy.0 = Debug|ARM64
		{1EECAEFD-72BB-4215-B1CF-93ABE127D502}.Debug|x64.ActiveCfg = Debug|x64
		{1EECAEFD-72BB-4215-B1CF-93ABE127D502}.Debug|x64.Build.0 = Debug|x64
		{1EECAEFD-72BB-4215-B1CF-93ABE127D502}.Debug|x64.Deploy.0 = Debug|x64
		{1EECAEFD-72BB-4215-B1CF-93ABE127D502}.Debug|x86.ActiveCfg = Debug|x86
		{1EECAEFD-72BB-4215-B1CF-93ABE127D502}.Debug|x86.Build.0 = Debug|x86
		{1EECAEFD-72BB-4215-B1CF-93ABE127D502}.Debug|x86.Deploy.0 = Debug|x86
		{1EECAEFD-72BB-4215-B1CF-93ABE127D502}.Release|Any CPU.ActiveCfg = Release|x86
		{1EECAEFD-72BB-4215-B1CF-93ABE127D502}.Release|ARM.ActiveCfg = Release|ARM
		{1EECAEFD-72BB-4215-B1CF-93ABE127D502}.Release|ARM.Build.0 = Release|ARM
		{1EECAEFD-72BB-4215-B1CF-93ABE127D502}.Release|ARM.Deploy.0 = Release|ARM
		{1EECAEFD-72BB-4215-B1CF-93ABE127D502}.Release|ARM64.ActiveCfg = Release|ARM64
		{1EECAEFD-72BB-4215-B1CF-93ABE127D502}.Release|ARM64.Build.0 = Release|ARM64
		{1EECAEFD-72BB-4215-B1CF-93ABE127D502}.Release|ARM64.Deploy.0 = Release|ARM64
		{1EECAEFD-72BB-4215-B1CF-93ABE127D502}.Release|x64.ActiveCfg = Release|x64
		{1EECAEFD-72BB-4215-B1CF-93ABE127D502}.Release|x64.Build.0 = Release|x64
		{1EECAEFD-72BB-4215-B1CF-93ABE127D502}.Release|x64.Deploy.0 = Release|x64
		{1EECAEFD-72BB-4215-B1CF-93ABE127D502}.Release|x86.ActiveCfg = Release|x86
		{1EECAEFD-72BB-4215-B1CF-93ABE127D502}.Release|x86.Build.0 = Release|x86
		{1EECAEFD-72BB-4215-B1CF-93ABE127D502}.Release|x86.Deploy.0 = Release|x86
		{5C2CC79E-C07A-4B1B-97BE-9E4156F882DC}.Debug|Any CPU.ActiveCfg = Debug|Any CPU
		{5C2CC79E-C07A-4B1B-97BE-9E4156F882DC}.Debug|Any CPU.Build.0 = Debug|Any CPU
		{5C2CC79E-C07A-4B1B-97BE-9E4156F882DC}.Debug|ARM.ActiveCfg = Debug|Any CPU
		{5C2CC79E-C07A-4B1B-97BE-9E4156F882DC}.Debug|ARM.Build.0 = Debug|Any CPU
		{5C2CC79E-C07A-4B1B-97BE-9E4156F882DC}.Debug|ARM64.ActiveCfg = Debug|Any CPU
		{5C2CC79E-C07A-4B1B-97BE-9E4156F882DC}.Debug|ARM64.Build.0 = Debug|Any CPU
		{5C2CC79E-C07A-4B1B-97BE-9E4156F882DC}.Debug|x64.ActiveCfg = Debug|Any CPU
		{5C2CC79E-C07A-4B1B-97BE-9E4156F882DC}.Debug|x64.Build.0 = Debug|Any CPU
		{5C2CC79E-C07A-4B1B-97BE-9E4156F882DC}.Debug|x86.ActiveCfg = Debug|Any CPU
		{5C2CC79E-C07A-4B1B-97BE-9E4156F882DC}.Debug|x86.Build.0 = Debug|Any CPU
		{5C2CC79E-C07A-4B1B-97BE-9E4156F882DC}.Release|Any CPU.ActiveCfg = Release|Any CPU
		{5C2CC79E-C07A-4B1B-97BE-9E4156F882DC}.Release|Any CPU.Build.0 = Release|Any CPU
		{5C2CC79E-C07A-4B1B-97BE-9E4156F882DC}.Release|ARM.ActiveCfg = Release|Any CPU
		{5C2CC79E-C07A-4B1B-97BE-9E4156F882DC}.Release|ARM.Build.0 = Release|Any CPU
		{5C2CC79E-C07A-4B1B-97BE-9E4156F882DC}.Release|ARM64.ActiveCfg = Release|Any CPU
		{5C2CC79E-C07A-4B1B-97BE-9E4156F882DC}.Release|ARM64.Build.0 = Release|Any CPU
		{5C2CC79E-C07A-4B1B-97BE-9E4156F882DC}.Release|x64.ActiveCfg = Release|Any CPU
		{5C2CC79E-C07A-4B1B-97BE-9E4156F882DC}.Release|x64.Build.0 = Release|Any CPU
		{5C2CC79E-C07A-4B1B-97BE-9E4156F882DC}.Release|x86.ActiveCfg = Release|Any CPU
		{5C2CC79E-C07A-4B1B-97BE-9E4156F882DC}.Release|x86.Build.0 = Release|Any CPU
		{EE94D9A6-1DCD-428E-996C-EBD15CF1756E}.Debug|Any CPU.ActiveCfg = Debug|Any CPU
		{EE94D9A6-1DCD-428E-996C-EBD15CF1756E}.Debug|Any CPU.Build.0 = Debug|Any CPU
		{EE94D9A6-1DCD-428E-996C-EBD15CF1756E}.Debug|ARM.ActiveCfg = Debug|Any CPU
		{EE94D9A6-1DCD-428E-996C-EBD15CF1756E}.Debug|ARM.Build.0 = Debug|Any CPU
		{EE94D9A6-1DCD-428E-996C-EBD15CF1756E}.Debug|ARM64.ActiveCfg = Debug|Any CPU
		{EE94D9A6-1DCD-428E-996C-EBD15CF1756E}.Debug|ARM64.Build.0 = Debug|Any CPU
		{EE94D9A6-1DCD-428E-996C-EBD15CF1756E}.Debug|x64.ActiveCfg = Debug|Any CPU
		{EE94D9A6-1DCD-428E-996C-EBD15CF1756E}.Debug|x64.Build.0 = Debug|Any CPU
		{EE94D9A6-1DCD-428E-996C-EBD15CF1756E}.Debug|x86.ActiveCfg = Debug|Any CPU
		{EE94D9A6-1DCD-428E-996C-EBD15CF1756E}.Debug|x86.Build.0 = Debug|Any CPU
		{EE94D9A6-1DCD-428E-996C-EBD15CF1756E}.Release|Any CPU.ActiveCfg = Release|Any CPU
		{EE94D9A6-1DCD-428E-996C-EBD15CF1756E}.Release|Any CPU.Build.0 = Release|Any CPU
		{EE94D9A6-1DCD-428E-996C-EBD15CF1756E}.Release|ARM.ActiveCfg = Release|Any CPU
		{EE94D9A6-1DCD-428E-996C-EBD15CF1756E}.Release|ARM.Build.0 = Release|Any CPU
		{EE94D9A6-1DCD-428E-996C-EBD15CF1756E}.Release|ARM64.ActiveCfg = Release|Any CPU
		{EE94D9A6-1DCD-428E-996C-EBD15CF1756E}.Release|ARM64.Build.0 = Release|Any CPU
		{EE94D9A6-1DCD-428E-996C-EBD15CF1756E}.Release|x64.ActiveCfg = Release|Any CPU
		{EE94D9A6-1DCD-428E-996C-EBD15CF1756E}.Release|x64.Build.0 = Release|Any CPU
		{EE94D9A6-1DCD-428E-996C-EBD15CF1756E}.Release|x86.ActiveCfg = Release|Any CPU
		{EE94D9A6-1DCD-428E-996C-EBD15CF1756E}.Release|x86.Build.0 = Release|Any CPU
		{1E49A8F2-FACB-47E3-BA4B-2C07C1EEFBEB}.Debug|Any CPU.ActiveCfg = Debug|Any CPU
		{1E49A8F2-FACB-47E3-BA4B-2C07C1EEFBEB}.Debug|Any CPU.Build.0 = Debug|Any CPU
		{1E49A8F2-FACB-47E3-BA4B-2C07C1EEFBEB}.Debug|ARM.ActiveCfg = Debug|Any CPU
		{1E49A8F2-FACB-47E3-BA4B-2C07C1EEFBEB}.Debug|ARM.Build.0 = Debug|Any CPU
		{1E49A8F2-FACB-47E3-BA4B-2C07C1EEFBEB}.Debug|ARM64.ActiveCfg = Debug|Any CPU
		{1E49A8F2-FACB-47E3-BA4B-2C07C1EEFBEB}.Debug|ARM64.Build.0 = Debug|Any CPU
		{1E49A8F2-FACB-47E3-BA4B-2C07C1EEFBEB}.Debug|x64.ActiveCfg = Debug|Any CPU
		{1E49A8F2-FACB-47E3-BA4B-2C07C1EEFBEB}.Debug|x64.Build.0 = Debug|Any CPU
		{1E49A8F2-FACB-47E3-BA4B-2C07C1EEFBEB}.Debug|x86.ActiveCfg = Debug|Any CPU
		{1E49A8F2-FACB-47E3-BA4B-2C07C1EEFBEB}.Debug|x86.Build.0 = Debug|Any CPU
		{1E49A8F2-FACB-47E3-BA4B-2C07C1EEFBEB}.Release|Any CPU.ActiveCfg = Release|Any CPU
		{1E49A8F2-FACB-47E3-BA4B-2C07C1EEFBEB}.Release|Any CPU.Build.0 = Release|Any CPU
		{1E49A8F2-FACB-47E3-BA4B-2C07C1EEFBEB}.Release|ARM.ActiveCfg = Release|Any CPU
		{1E49A8F2-FACB-47E3-BA4B-2C07C1EEFBEB}.Release|ARM.Build.0 = Release|Any CPU
		{1E49A8F2-FACB-47E3-BA4B-2C07C1EEFBEB}.Release|ARM64.ActiveCfg = Release|Any CPU
		{1E49A8F2-FACB-47E3-BA4B-2C07C1EEFBEB}.Release|ARM64.Build.0 = Release|Any CPU
		{1E49A8F2-FACB-47E3-BA4B-2C07C1EEFBEB}.Release|x64.ActiveCfg = Release|Any CPU
		{1E49A8F2-FACB-47E3-BA4B-2C07C1EEFBEB}.Release|x64.Build.0 = Release|Any CPU
		{1E49A8F2-FACB-47E3-BA4B-2C07C1EEFBEB}.Release|x86.ActiveCfg = Release|Any CPU
		{1E49A8F2-FACB-47E3-BA4B-2C07C1EEFBEB}.Release|x86.Build.0 = Release|Any CPU
		{DA323F56-3C0F-4D2E-A99F-D6E3CCA0C3B0}.Debug|Any CPU.ActiveCfg = Debug|Any CPU
		{DA323F56-3C0F-4D2E-A99F-D6E3CCA0C3B0}.Debug|Any CPU.Build.0 = Debug|Any CPU
		{DA323F56-3C0F-4D2E-A99F-D6E3CCA0C3B0}.Debug|ARM.ActiveCfg = Debug|Any CPU
		{DA323F56-3C0F-4D2E-A99F-D6E3CCA0C3B0}.Debug|ARM.Build.0 = Debug|Any CPU
		{DA323F56-3C0F-4D2E-A99F-D6E3CCA0C3B0}.Debug|ARM64.ActiveCfg = Debug|Any CPU
		{DA323F56-3C0F-4D2E-A99F-D6E3CCA0C3B0}.Debug|ARM64.Build.0 = Debug|Any CPU
		{DA323F56-3C0F-4D2E-A99F-D6E3CCA0C3B0}.Debug|x64.ActiveCfg = Debug|Any CPU
		{DA323F56-3C0F-4D2E-A99F-D6E3CCA0C3B0}.Debug|x64.Build.0 = Debug|Any CPU
		{DA323F56-3C0F-4D2E-A99F-D6E3CCA0C3B0}.Debug|x86.ActiveCfg = Debug|Any CPU
		{DA323F56-3C0F-4D2E-A99F-D6E3CCA0C3B0}.Debug|x86.Build.0 = Debug|Any CPU
		{DA323F56-3C0F-4D2E-A99F-D6E3CCA0C3B0}.Release|Any CPU.ActiveCfg = Release|Any CPU
		{DA323F56-3C0F-4D2E-A99F-D6E3CCA0C3B0}.Release|Any CPU.Build.0 = Release|Any CPU
		{DA323F56-3C0F-4D2E-A99F-D6E3CCA0C3B0}.Release|ARM.ActiveCfg = Release|Any CPU
		{DA323F56-3C0F-4D2E-A99F-D6E3CCA0C3B0}.Release|ARM.Build.0 = Release|Any CPU
		{DA323F56-3C0F-4D2E-A99F-D6E3CCA0C3B0}.Release|ARM64.ActiveCfg = Release|Any CPU
		{DA323F56-3C0F-4D2E-A99F-D6E3CCA0C3B0}.Release|ARM64.Build.0 = Release|Any CPU
		{DA323F56-3C0F-4D2E-A99F-D6E3CCA0C3B0}.Release|x64.ActiveCfg = Release|Any CPU
		{DA323F56-3C0F-4D2E-A99F-D6E3CCA0C3B0}.Release|x64.Build.0 = Release|Any CPU
		{DA323F56-3C0F-4D2E-A99F-D6E3CCA0C3B0}.Release|x86.ActiveCfg = Release|Any CPU
		{DA323F56-3C0F-4D2E-A99F-D6E3CCA0C3B0}.Release|x86.Build.0 = Release|Any CPU
		{F1F301F6-CAF9-4460-BC4A-F73EA1789C5F}.Debug|Any CPU.ActiveCfg = Debug|Any CPU
		{F1F301F6-CAF9-4460-BC4A-F73EA1789C5F}.Debug|Any CPU.Build.0 = Debug|Any CPU
		{F1F301F6-CAF9-4460-BC4A-F73EA1789C5F}.Debug|ARM.ActiveCfg = Debug|Any CPU
		{F1F301F6-CAF9-4460-BC4A-F73EA1789C5F}.Debug|ARM.Build.0 = Debug|Any CPU
		{F1F301F6-CAF9-4460-BC4A-F73EA1789C5F}.Debug|ARM64.ActiveCfg = Debug|Any CPU
		{F1F301F6-CAF9-4460-BC4A-F73EA1789C5F}.Debug|ARM64.Build.0 = Debug|Any CPU
		{F1F301F6-CAF9-4460-BC4A-F73EA1789C5F}.Debug|x64.ActiveCfg = Debug|Any CPU
		{F1F301F6-CAF9-4460-BC4A-F73EA1789C5F}.Debug|x64.Build.0 = Debug|Any CPU
		{F1F301F6-CAF9-4460-BC4A-F73EA1789C5F}.Debug|x86.ActiveCfg = Debug|Any CPU
		{F1F301F6-CAF9-4460-BC4A-F73EA1789C5F}.Debug|x86.Build.0 = Debug|Any CPU
		{F1F301F6-CAF9-4460-BC4A-F73EA1789C5F}.Release|Any CPU.ActiveCfg = Release|Any CPU
		{F1F301F6-CAF9-4460-BC4A-F73EA1789C5F}.Release|Any CPU.Build.0 = Release|Any CPU
		{F1F301F6-CAF9-4460-BC4A-F73EA1789C5F}.Release|ARM.ActiveCfg = Release|Any CPU
		{F1F301F6-CAF9-4460-BC4A-F73EA1789C5F}.Release|ARM.Build.0 = Release|Any CPU
		{F1F301F6-CAF9-4460-BC4A-F73EA1789C5F}.Release|ARM64.ActiveCfg = Release|Any CPU
		{F1F301F6-CAF9-4460-BC4A-F73EA1789C5F}.Release|ARM64.Build.0 = Release|Any CPU
		{F1F301F6-CAF9-4460-BC4A-F73EA1789C5F}.Release|x64.ActiveCfg = Release|Any CPU
		{F1F301F6-CAF9-4460-BC4A-F73EA1789C5F}.Release|x64.Build.0 = Release|Any CPU
		{F1F301F6-CAF9-4460-BC4A-F73EA1789C5F}.Release|x86.ActiveCfg = Release|Any CPU
		{F1F301F6-CAF9-4460-BC4A-F73EA1789C5F}.Release|x86.Build.0 = Release|Any CPU
		{6F475D71-A5D3-43DA-BE00-1C4AF7847FB9}.Debug|Any CPU.ActiveCfg = Debug|Any CPU
		{6F475D71-A5D3-43DA-BE00-1C4AF7847FB9}.Debug|Any CPU.Build.0 = Debug|Any CPU
		{6F475D71-A5D3-43DA-BE00-1C4AF7847FB9}.Debug|ARM.ActiveCfg = Debug|Any CPU
		{6F475D71-A5D3-43DA-BE00-1C4AF7847FB9}.Debug|ARM.Build.0 = Debug|Any CPU
		{6F475D71-A5D3-43DA-BE00-1C4AF7847FB9}.Debug|ARM64.ActiveCfg = Debug|Any CPU
		{6F475D71-A5D3-43DA-BE00-1C4AF7847FB9}.Debug|ARM64.Build.0 = Debug|Any CPU
		{6F475D71-A5D3-43DA-BE00-1C4AF7847FB9}.Debug|x64.ActiveCfg = Debug|Any CPU
		{6F475D71-A5D3-43DA-BE00-1C4AF7847FB9}.Debug|x64.Build.0 = Debug|Any CPU
		{6F475D71-A5D3-43DA-BE00-1C4AF7847FB9}.Debug|x86.ActiveCfg = Debug|Any CPU
		{6F475D71-A5D3-43DA-BE00-1C4AF7847FB9}.Debug|x86.Build.0 = Debug|Any CPU
		{6F475D71-A5D3-43DA-BE00-1C4AF7847FB9}.Release|Any CPU.ActiveCfg = Release|Any CPU
		{6F475D71-A5D3-43DA-BE00-1C4AF7847FB9}.Release|Any CPU.Build.0 = Release|Any CPU
		{6F475D71-A5D3-43DA-BE00-1C4AF7847FB9}.Release|ARM.ActiveCfg = Release|Any CPU
		{6F475D71-A5D3-43DA-BE00-1C4AF7847FB9}.Release|ARM.Build.0 = Release|Any CPU
		{6F475D71-A5D3-43DA-BE00-1C4AF7847FB9}.Release|ARM64.ActiveCfg = Release|Any CPU
		{6F475D71-A5D3-43DA-BE00-1C4AF7847FB9}.Release|ARM64.Build.0 = Release|Any CPU
		{6F475D71-A5D3-43DA-BE00-1C4AF7847FB9}.Release|x64.ActiveCfg = Release|Any CPU
		{6F475D71-A5D3-43DA-BE00-1C4AF7847FB9}.Release|x64.Build.0 = Release|Any CPU
		{6F475D71-A5D3-43DA-BE00-1C4AF7847FB9}.Release|x86.ActiveCfg = Release|Any CPU
		{6F475D71-A5D3-43DA-BE00-1C4AF7847FB9}.Release|x86.Build.0 = Release|Any CPU
		{F395F4BF-FD3F-4A00-B6F7-4FF879B8CB9E}.Debug|Any CPU.ActiveCfg = Debug|Any CPU
		{F395F4BF-FD3F-4A00-B6F7-4FF879B8CB9E}.Debug|Any CPU.Build.0 = Debug|Any CPU
		{F395F4BF-FD3F-4A00-B6F7-4FF879B8CB9E}.Debug|ARM.ActiveCfg = Debug|Any CPU
		{F395F4BF-FD3F-4A00-B6F7-4FF879B8CB9E}.Debug|ARM.Build.0 = Debug|Any CPU
		{F395F4BF-FD3F-4A00-B6F7-4FF879B8CB9E}.Debug|ARM64.ActiveCfg = Debug|Any CPU
		{F395F4BF-FD3F-4A00-B6F7-4FF879B8CB9E}.Debug|ARM64.Build.0 = Debug|Any CPU
		{F395F4BF-FD3F-4A00-B6F7-4FF879B8CB9E}.Debug|x64.ActiveCfg = Debug|Any CPU
		{F395F4BF-FD3F-4A00-B6F7-4FF879B8CB9E}.Debug|x64.Build.0 = Debug|Any CPU
		{F395F4BF-FD3F-4A00-B6F7-4FF879B8CB9E}.Debug|x86.ActiveCfg = Debug|Any CPU
		{F395F4BF-FD3F-4A00-B6F7-4FF879B8CB9E}.Debug|x86.Build.0 = Debug|Any CPU
		{F395F4BF-FD3F-4A00-B6F7-4FF879B8CB9E}.Release|Any CPU.ActiveCfg = Release|Any CPU
		{F395F4BF-FD3F-4A00-B6F7-4FF879B8CB9E}.Release|Any CPU.Build.0 = Release|Any CPU
		{F395F4BF-FD3F-4A00-B6F7-4FF879B8CB9E}.Release|ARM.ActiveCfg = Release|Any CPU
		{F395F4BF-FD3F-4A00-B6F7-4FF879B8CB9E}.Release|ARM.Build.0 = Release|Any CPU
		{F395F4BF-FD3F-4A00-B6F7-4FF879B8CB9E}.Release|ARM64.ActiveCfg = Release|Any CPU
		{F395F4BF-FD3F-4A00-B6F7-4FF879B8CB9E}.Release|ARM64.Build.0 = Release|Any CPU
		{F395F4BF-FD3F-4A00-B6F7-4FF879B8CB9E}.Release|x64.ActiveCfg = Release|Any CPU
		{F395F4BF-FD3F-4A00-B6F7-4FF879B8CB9E}.Release|x64.Build.0 = Release|Any CPU
		{F395F4BF-FD3F-4A00-B6F7-4FF879B8CB9E}.Release|x86.ActiveCfg = Release|Any CPU
		{F395F4BF-FD3F-4A00-B6F7-4FF879B8CB9E}.Release|x86.Build.0 = Release|Any CPU
		{F00EA168-1A5F-49A3-8C13-4D9AC5F8EA34}.Debug|Any CPU.ActiveCfg = Debug|Any CPU
		{F00EA168-1A5F-49A3-8C13-4D9AC5F8EA34}.Debug|Any CPU.Build.0 = Debug|Any CPU
		{F00EA168-1A5F-49A3-8C13-4D9AC5F8EA34}.Debug|ARM.ActiveCfg = Debug|Any CPU
		{F00EA168-1A5F-49A3-8C13-4D9AC5F8EA34}.Debug|ARM.Build.0 = Debug|Any CPU
		{F00EA168-1A5F-49A3-8C13-4D9AC5F8EA34}.Debug|ARM64.ActiveCfg = Debug|Any CPU
		{F00EA168-1A5F-49A3-8C13-4D9AC5F8EA34}.Debug|ARM64.Build.0 = Debug|Any CPU
		{F00EA168-1A5F-49A3-8C13-4D9AC5F8EA34}.Debug|x64.ActiveCfg = Debug|Any CPU
		{F00EA168-1A5F-49A3-8C13-4D9AC5F8EA34}.Debug|x64.Build.0 = Debug|Any CPU
		{F00EA168-1A5F-49A3-8C13-4D9AC5F8EA34}.Debug|x86.ActiveCfg = Debug|Any CPU
		{F00EA168-1A5F-49A3-8C13-4D9AC5F8EA34}.Debug|x86.Build.0 = Debug|Any CPU
		{F00EA168-1A5F-49A3-8C13-4D9AC5F8EA34}.Release|Any CPU.ActiveCfg = Release|Any CPU
		{F00EA168-1A5F-49A3-8C13-4D9AC5F8EA34}.Release|Any CPU.Build.0 = Release|Any CPU
		{F00EA168-1A5F-49A3-8C13-4D9AC5F8EA34}.Release|ARM.ActiveCfg = Release|Any CPU
		{F00EA168-1A5F-49A3-8C13-4D9AC5F8EA34}.Release|ARM.Build.0 = Release|Any CPU
		{F00EA168-1A5F-49A3-8C13-4D9AC5F8EA34}.Release|ARM64.ActiveCfg = Release|Any CPU
		{F00EA168-1A5F-49A3-8C13-4D9AC5F8EA34}.Release|ARM64.Build.0 = Release|Any CPU
		{F00EA168-1A5F-49A3-8C13-4D9AC5F8EA34}.Release|x64.ActiveCfg = Release|Any CPU
		{F00EA168-1A5F-49A3-8C13-4D9AC5F8EA34}.Release|x64.Build.0 = Release|Any CPU
		{F00EA168-1A5F-49A3-8C13-4D9AC5F8EA34}.Release|x86.ActiveCfg = Release|Any CPU
		{F00EA168-1A5F-49A3-8C13-4D9AC5F8EA34}.Release|x86.Build.0 = Release|Any CPU
		{F65439EA-EBCF-4EBE-9181-3307F4289F24}.Debug|Any CPU.ActiveCfg = Debug|Any CPU
		{F65439EA-EBCF-4EBE-9181-3307F4289F24}.Debug|Any CPU.Build.0 = Debug|Any CPU
		{F65439EA-EBCF-4EBE-9181-3307F4289F24}.Debug|ARM.ActiveCfg = Debug|Any CPU
		{F65439EA-EBCF-4EBE-9181-3307F4289F24}.Debug|ARM.Build.0 = Debug|Any CPU
		{F65439EA-EBCF-4EBE-9181-3307F4289F24}.Debug|ARM64.ActiveCfg = Debug|Any CPU
		{F65439EA-EBCF-4EBE-9181-3307F4289F24}.Debug|ARM64.Build.0 = Debug|Any CPU
		{F65439EA-EBCF-4EBE-9181-3307F4289F24}.Debug|x64.ActiveCfg = Debug|Any CPU
		{F65439EA-EBCF-4EBE-9181-3307F4289F24}.Debug|x64.Build.0 = Debug|Any CPU
		{F65439EA-EBCF-4EBE-9181-3307F4289F24}.Debug|x86.ActiveCfg = Debug|Any CPU
		{F65439EA-EBCF-4EBE-9181-3307F4289F24}.Debug|x86.Build.0 = Debug|Any CPU
		{F65439EA-EBCF-4EBE-9181-3307F4289F24}.Release|Any CPU.ActiveCfg = Release|Any CPU
		{F65439EA-EBCF-4EBE-9181-3307F4289F24}.Release|Any CPU.Build.0 = Release|Any CPU
		{F65439EA-EBCF-4EBE-9181-3307F4289F24}.Release|ARM.ActiveCfg = Release|Any CPU
		{F65439EA-EBCF-4EBE-9181-3307F4289F24}.Release|ARM.Build.0 = Release|Any CPU
		{F65439EA-EBCF-4EBE-9181-3307F4289F24}.Release|ARM64.ActiveCfg = Release|Any CPU
		{F65439EA-EBCF-4EBE-9181-3307F4289F24}.Release|ARM64.Build.0 = Release|Any CPU
		{F65439EA-EBCF-4EBE-9181-3307F4289F24}.Release|x64.ActiveCfg = Release|Any CPU
		{F65439EA-EBCF-4EBE-9181-3307F4289F24}.Release|x64.Build.0 = Release|Any CPU
		{F65439EA-EBCF-4EBE-9181-3307F4289F24}.Release|x86.ActiveCfg = Release|Any CPU
		{F65439EA-EBCF-4EBE-9181-3307F4289F24}.Release|x86.Build.0 = Release|Any CPU
		{83FDAC1F-7BCD-4A38-9B13-B778024C50B2}.Debug|Any CPU.ActiveCfg = Debug|Any CPU
		{83FDAC1F-7BCD-4A38-9B13-B778024C50B2}.Debug|Any CPU.Build.0 = Debug|Any CPU
		{83FDAC1F-7BCD-4A38-9B13-B778024C50B2}.Debug|ARM.ActiveCfg = Debug|Any CPU
		{83FDAC1F-7BCD-4A38-9B13-B778024C50B2}.Debug|ARM.Build.0 = Debug|Any CPU
		{83FDAC1F-7BCD-4A38-9B13-B778024C50B2}.Debug|ARM64.ActiveCfg = Debug|Any CPU
		{83FDAC1F-7BCD-4A38-9B13-B778024C50B2}.Debug|ARM64.Build.0 = Debug|Any CPU
		{83FDAC1F-7BCD-4A38-9B13-B778024C50B2}.Debug|x64.ActiveCfg = Debug|Any CPU
		{83FDAC1F-7BCD-4A38-9B13-B778024C50B2}.Debug|x64.Build.0 = Debug|Any CPU
		{83FDAC1F-7BCD-4A38-9B13-B778024C50B2}.Debug|x86.ActiveCfg = Debug|Any CPU
		{83FDAC1F-7BCD-4A38-9B13-B778024C50B2}.Debug|x86.Build.0 = Debug|Any CPU
		{83FDAC1F-7BCD-4A38-9B13-B778024C50B2}.Release|Any CPU.ActiveCfg = Release|Any CPU
		{83FDAC1F-7BCD-4A38-9B13-B778024C50B2}.Release|Any CPU.Build.0 = Release|Any CPU
		{83FDAC1F-7BCD-4A38-9B13-B778024C50B2}.Release|ARM.ActiveCfg = Release|Any CPU
		{83FDAC1F-7BCD-4A38-9B13-B778024C50B2}.Release|ARM.Build.0 = Release|Any CPU
		{83FDAC1F-7BCD-4A38-9B13-B778024C50B2}.Release|ARM64.ActiveCfg = Release|Any CPU
		{83FDAC1F-7BCD-4A38-9B13-B778024C50B2}.Release|ARM64.Build.0 = Release|Any CPU
		{83FDAC1F-7BCD-4A38-9B13-B778024C50B2}.Release|x64.ActiveCfg = Release|Any CPU
		{83FDAC1F-7BCD-4A38-9B13-B778024C50B2}.Release|x64.Build.0 = Release|Any CPU
		{83FDAC1F-7BCD-4A38-9B13-B778024C50B2}.Release|x86.ActiveCfg = Release|Any CPU
		{83FDAC1F-7BCD-4A38-9B13-B778024C50B2}.Release|x86.Build.0 = Release|Any CPU
		{4C616501-0A08-48E4-864D-1FB631F4AE23}.Debug|Any CPU.ActiveCfg = Debug|Any CPU
		{4C616501-0A08-48E4-864D-1FB631F4AE23}.Debug|Any CPU.Build.0 = Debug|Any CPU
		{4C616501-0A08-48E4-864D-1FB631F4AE23}.Debug|ARM.ActiveCfg = Debug|Any CPU
		{4C616501-0A08-48E4-864D-1FB631F4AE23}.Debug|ARM.Build.0 = Debug|Any CPU
		{4C616501-0A08-48E4-864D-1FB631F4AE23}.Debug|ARM64.ActiveCfg = Debug|Any CPU
		{4C616501-0A08-48E4-864D-1FB631F4AE23}.Debug|ARM64.Build.0 = Debug|Any CPU
		{4C616501-0A08-48E4-864D-1FB631F4AE23}.Debug|x64.ActiveCfg = Debug|Any CPU
		{4C616501-0A08-48E4-864D-1FB631F4AE23}.Debug|x64.Build.0 = Debug|Any CPU
		{4C616501-0A08-48E4-864D-1FB631F4AE23}.Debug|x86.ActiveCfg = Debug|Any CPU
		{4C616501-0A08-48E4-864D-1FB631F4AE23}.Debug|x86.Build.0 = Debug|Any CPU
		{4C616501-0A08-48E4-864D-1FB631F4AE23}.Release|Any CPU.ActiveCfg = Release|Any CPU
		{4C616501-0A08-48E4-864D-1FB631F4AE23}.Release|Any CPU.Build.0 = Release|Any CPU
		{4C616501-0A08-48E4-864D-1FB631F4AE23}.Release|ARM.ActiveCfg = Release|Any CPU
		{4C616501-0A08-48E4-864D-1FB631F4AE23}.Release|ARM.Build.0 = Release|Any CPU
		{4C616501-0A08-48E4-864D-1FB631F4AE23}.Release|ARM64.ActiveCfg = Release|Any CPU
		{4C616501-0A08-48E4-864D-1FB631F4AE23}.Release|ARM64.Build.0 = Release|Any CPU
		{4C616501-0A08-48E4-864D-1FB631F4AE23}.Release|x64.ActiveCfg = Release|Any CPU
		{4C616501-0A08-48E4-864D-1FB631F4AE23}.Release|x64.Build.0 = Release|Any CPU
		{4C616501-0A08-48E4-864D-1FB631F4AE23}.Release|x86.ActiveCfg = Release|Any CPU
		{4C616501-0A08-48E4-864D-1FB631F4AE23}.Release|x86.Build.0 = Release|Any CPU
		{FB7EDF2E-1724-4507-A168-F053C2DF5143}.Debug|Any CPU.ActiveCfg = Debug|Any CPU
		{FB7EDF2E-1724-4507-A168-F053C2DF5143}.Debug|Any CPU.Build.0 = Debug|Any CPU
		{FB7EDF2E-1724-4507-A168-F053C2DF5143}.Debug|ARM.ActiveCfg = Debug|ARM
		{FB7EDF2E-1724-4507-A168-F053C2DF5143}.Debug|ARM.Build.0 = Debug|ARM
		{FB7EDF2E-1724-4507-A168-F053C2DF5143}.Debug|ARM64.ActiveCfg = Debug|ARM64
		{FB7EDF2E-1724-4507-A168-F053C2DF5143}.Debug|ARM64.Build.0 = Debug|ARM64
		{FB7EDF2E-1724-4507-A168-F053C2DF5143}.Debug|x64.ActiveCfg = Debug|x64
		{FB7EDF2E-1724-4507-A168-F053C2DF5143}.Debug|x64.Build.0 = Debug|x64
		{FB7EDF2E-1724-4507-A168-F053C2DF5143}.Debug|x86.ActiveCfg = Debug|x86
		{FB7EDF2E-1724-4507-A168-F053C2DF5143}.Debug|x86.Build.0 = Debug|x86
		{FB7EDF2E-1724-4507-A168-F053C2DF5143}.Release|Any CPU.ActiveCfg = Release|Any CPU
		{FB7EDF2E-1724-4507-A168-F053C2DF5143}.Release|Any CPU.Build.0 = Release|Any CPU
		{FB7EDF2E-1724-4507-A168-F053C2DF5143}.Release|ARM.ActiveCfg = Release|ARM
		{FB7EDF2E-1724-4507-A168-F053C2DF5143}.Release|ARM.Build.0 = Release|ARM
		{FB7EDF2E-1724-4507-A168-F053C2DF5143}.Release|ARM64.ActiveCfg = Release|ARM64
		{FB7EDF2E-1724-4507-A168-F053C2DF5143}.Release|ARM64.Build.0 = Release|ARM64
		{FB7EDF2E-1724-4507-A168-F053C2DF5143}.Release|x64.ActiveCfg = Release|x64
		{FB7EDF2E-1724-4507-A168-F053C2DF5143}.Release|x64.Build.0 = Release|x64
		{FB7EDF2E-1724-4507-A168-F053C2DF5143}.Release|x86.ActiveCfg = Release|x86
		{FB7EDF2E-1724-4507-A168-F053C2DF5143}.Release|x86.Build.0 = Release|x86
		{41C8EE6D-F3AC-471D-BBD6-CD50658558CF}.Debug|Any CPU.ActiveCfg = Debug|Any CPU
		{41C8EE6D-F3AC-471D-BBD6-CD50658558CF}.Debug|Any CPU.Build.0 = Debug|Any CPU
		{41C8EE6D-F3AC-471D-BBD6-CD50658558CF}.Debug|ARM.ActiveCfg = Debug|Any CPU
		{41C8EE6D-F3AC-471D-BBD6-CD50658558CF}.Debug|ARM.Build.0 = Debug|Any CPU
		{41C8EE6D-F3AC-471D-BBD6-CD50658558CF}.Debug|ARM64.ActiveCfg = Debug|Any CPU
		{41C8EE6D-F3AC-471D-BBD6-CD50658558CF}.Debug|ARM64.Build.0 = Debug|Any CPU
		{41C8EE6D-F3AC-471D-BBD6-CD50658558CF}.Debug|x64.ActiveCfg = Debug|Any CPU
		{41C8EE6D-F3AC-471D-BBD6-CD50658558CF}.Debug|x64.Build.0 = Debug|Any CPU
		{41C8EE6D-F3AC-471D-BBD6-CD50658558CF}.Debug|x86.ActiveCfg = Debug|Any CPU
		{41C8EE6D-F3AC-471D-BBD6-CD50658558CF}.Debug|x86.Build.0 = Debug|Any CPU
		{41C8EE6D-F3AC-471D-BBD6-CD50658558CF}.Release|Any CPU.ActiveCfg = Release|Any CPU
		{41C8EE6D-F3AC-471D-BBD6-CD50658558CF}.Release|Any CPU.Build.0 = Release|Any CPU
		{41C8EE6D-F3AC-471D-BBD6-CD50658558CF}.Release|ARM.ActiveCfg = Release|Any CPU
		{41C8EE6D-F3AC-471D-BBD6-CD50658558CF}.Release|ARM.Build.0 = Release|Any CPU
		{41C8EE6D-F3AC-471D-BBD6-CD50658558CF}.Release|ARM64.ActiveCfg = Release|Any CPU
		{41C8EE6D-F3AC-471D-BBD6-CD50658558CF}.Release|ARM64.Build.0 = Release|Any CPU
		{41C8EE6D-F3AC-471D-BBD6-CD50658558CF}.Release|x64.ActiveCfg = Release|Any CPU
		{41C8EE6D-F3AC-471D-BBD6-CD50658558CF}.Release|x64.Build.0 = Release|Any CPU
		{41C8EE6D-F3AC-471D-BBD6-CD50658558CF}.Release|x86.ActiveCfg = Release|Any CPU
		{41C8EE6D-F3AC-471D-BBD6-CD50658558CF}.Release|x86.Build.0 = Release|Any CPU
		{AFAE1D3F-B27E-43B5-9242-72AD4C13CB08}.Debug|Any CPU.ActiveCfg = Debug|Any CPU
		{AFAE1D3F-B27E-43B5-9242-72AD4C13CB08}.Debug|Any CPU.Build.0 = Debug|Any CPU
		{AFAE1D3F-B27E-43B5-9242-72AD4C13CB08}.Debug|ARM.ActiveCfg = Debug|Any CPU
		{AFAE1D3F-B27E-43B5-9242-72AD4C13CB08}.Debug|ARM.Build.0 = Debug|Any CPU
		{AFAE1D3F-B27E-43B5-9242-72AD4C13CB08}.Debug|ARM64.ActiveCfg = Debug|Any CPU
		{AFAE1D3F-B27E-43B5-9242-72AD4C13CB08}.Debug|ARM64.Build.0 = Debug|Any CPU
		{AFAE1D3F-B27E-43B5-9242-72AD4C13CB08}.Debug|x64.ActiveCfg = Debug|Any CPU
		{AFAE1D3F-B27E-43B5-9242-72AD4C13CB08}.Debug|x64.Build.0 = Debug|Any CPU
		{AFAE1D3F-B27E-43B5-9242-72AD4C13CB08}.Debug|x86.ActiveCfg = Debug|Any CPU
		{AFAE1D3F-B27E-43B5-9242-72AD4C13CB08}.Debug|x86.Build.0 = Debug|Any CPU
		{AFAE1D3F-B27E-43B5-9242-72AD4C13CB08}.Release|Any CPU.ActiveCfg = Release|Any CPU
		{AFAE1D3F-B27E-43B5-9242-72AD4C13CB08}.Release|Any CPU.Build.0 = Release|Any CPU
		{AFAE1D3F-B27E-43B5-9242-72AD4C13CB08}.Release|ARM.ActiveCfg = Release|Any CPU
		{AFAE1D3F-B27E-43B5-9242-72AD4C13CB08}.Release|ARM.Build.0 = Release|Any CPU
		{AFAE1D3F-B27E-43B5-9242-72AD4C13CB08}.Release|ARM64.ActiveCfg = Release|Any CPU
		{AFAE1D3F-B27E-43B5-9242-72AD4C13CB08}.Release|ARM64.Build.0 = Release|Any CPU
		{AFAE1D3F-B27E-43B5-9242-72AD4C13CB08}.Release|x64.ActiveCfg = Release|Any CPU
		{AFAE1D3F-B27E-43B5-9242-72AD4C13CB08}.Release|x64.Build.0 = Release|Any CPU
		{AFAE1D3F-B27E-43B5-9242-72AD4C13CB08}.Release|x86.ActiveCfg = Release|Any CPU
		{AFAE1D3F-B27E-43B5-9242-72AD4C13CB08}.Release|x86.Build.0 = Release|Any CPU
		{CBCC24C7-DC13-43C6-AFBC-9FB38C3008B2}.Debug|Any CPU.ActiveCfg = Debug|Any CPU
		{CBCC24C7-DC13-43C6-AFBC-9FB38C3008B2}.Debug|Any CPU.Build.0 = Debug|Any CPU
		{CBCC24C7-DC13-43C6-AFBC-9FB38C3008B2}.Debug|ARM.ActiveCfg = Debug|Any CPU
		{CBCC24C7-DC13-43C6-AFBC-9FB38C3008B2}.Debug|ARM.Build.0 = Debug|Any CPU
		{CBCC24C7-DC13-43C6-AFBC-9FB38C3008B2}.Debug|ARM64.ActiveCfg = Debug|Any CPU
		{CBCC24C7-DC13-43C6-AFBC-9FB38C3008B2}.Debug|ARM64.Build.0 = Debug|Any CPU
		{CBCC24C7-DC13-43C6-AFBC-9FB38C3008B2}.Debug|x64.ActiveCfg = Debug|Any CPU
		{CBCC24C7-DC13-43C6-AFBC-9FB38C3008B2}.Debug|x64.Build.0 = Debug|Any CPU
		{CBCC24C7-DC13-43C6-AFBC-9FB38C3008B2}.Debug|x86.ActiveCfg = Debug|Any CPU
		{CBCC24C7-DC13-43C6-AFBC-9FB38C3008B2}.Debug|x86.Build.0 = Debug|Any CPU
		{CBCC24C7-DC13-43C6-AFBC-9FB38C3008B2}.Release|Any CPU.ActiveCfg = Release|Any CPU
		{CBCC24C7-DC13-43C6-AFBC-9FB38C3008B2}.Release|Any CPU.Build.0 = Release|Any CPU
		{CBCC24C7-DC13-43C6-AFBC-9FB38C3008B2}.Release|ARM.ActiveCfg = Release|Any CPU
		{CBCC24C7-DC13-43C6-AFBC-9FB38C3008B2}.Release|ARM.Build.0 = Release|Any CPU
		{CBCC24C7-DC13-43C6-AFBC-9FB38C3008B2}.Release|ARM64.ActiveCfg = Release|Any CPU
		{CBCC24C7-DC13-43C6-AFBC-9FB38C3008B2}.Release|ARM64.Build.0 = Release|Any CPU
		{CBCC24C7-DC13-43C6-AFBC-9FB38C3008B2}.Release|x64.ActiveCfg = Release|Any CPU
		{CBCC24C7-DC13-43C6-AFBC-9FB38C3008B2}.Release|x64.Build.0 = Release|Any CPU
		{CBCC24C7-DC13-43C6-AFBC-9FB38C3008B2}.Release|x86.ActiveCfg = Release|Any CPU
		{CBCC24C7-DC13-43C6-AFBC-9FB38C3008B2}.Release|x86.Build.0 = Release|Any CPU
	EndGlobalSection
	GlobalSection(SolutionProperties) = preSolution
		HideSolutionNode = FALSE
	EndGlobalSection
	GlobalSection(NestedProjects) = preSolution
		{D147481E-42DB-4069-A8EB-88D5872D9FF1} = {E7C11EA6-30D0-47FA-AA0F-7F4DFC2B9207}
		{34BB1868-0F08-43CE-A225-3EE31268A900} = {E7C11EA6-30D0-47FA-AA0F-7F4DFC2B9207}
		{1EECAEFD-72BB-4215-B1CF-93ABE127D502} = {DAEE9A79-D61E-40A7-AE37-D71DF21228AB}
		{5C2CC79E-C07A-4B1B-97BE-9E4156F882DC} = {DAEE9A79-D61E-40A7-AE37-D71DF21228AB}
		{EE94D9A6-1DCD-428E-996C-EBD15CF1756E} = {DAEE9A79-D61E-40A7-AE37-D71DF21228AB}
		{1E49A8F2-FACB-47E3-BA4B-2C07C1EEFBEB} = {DAEE9A79-D61E-40A7-AE37-D71DF21228AB}
		{DA323F56-3C0F-4D2E-A99F-D6E3CCA0C3B0} = {AB32F14A-8987-4997-8BE6-0CA8BC4F3619}
		{F1F301F6-CAF9-4460-BC4A-F73EA1789C5F} = {E7C11EA6-30D0-47FA-AA0F-7F4DFC2B9207}
		{6F475D71-A5D3-43DA-BE00-1C4AF7847FB9} = {E7C11EA6-30D0-47FA-AA0F-7F4DFC2B9207}
		{F395F4BF-FD3F-4A00-B6F7-4FF879B8CB9E} = {AB32F14A-8987-4997-8BE6-0CA8BC4F3619}
		{F00EA168-1A5F-49A3-8C13-4D9AC5F8EA34} = {DAEE9A79-D61E-40A7-AE37-D71DF21228AB}
		{F65439EA-EBCF-4EBE-9181-3307F4289F24} = {DAEE9A79-D61E-40A7-AE37-D71DF21228AB}
		{83FDAC1F-7BCD-4A38-9B13-B778024C50B2} = {DAEE9A79-D61E-40A7-AE37-D71DF21228AB}
		{4C616501-0A08-48E4-864D-1FB631F4AE23} = {E7C11EA6-30D0-47FA-AA0F-7F4DFC2B9207}
		{FB7EDF2E-1724-4507-A168-F053C2DF5143} = {E7C11EA6-30D0-47FA-AA0F-7F4DFC2B9207}
		{41C8EE6D-F3AC-471D-BBD6-CD50658558CF} = {DAEE9A79-D61E-40A7-AE37-D71DF21228AB}
		{AFAE1D3F-B27E-43B5-9242-72AD4C13CB08} = {E7C11EA6-30D0-47FA-AA0F-7F4DFC2B9207}
		{CBCC24C7-DC13-43C6-AFBC-9FB38C3008B2} = {AB32F14A-8987-4997-8BE6-0CA8BC4F3619}
	EndGlobalSection
	GlobalSection(ExtensibilityGlobals) = postSolution
		SolutionGuid = {2183E746-A547-4EFD-AB4B-B517EBB9F54C}
	EndGlobalSection
EndGlobal
