
Microsoft Visual Studio Solution File, Format Version 12.00
# Visual Studio Version 16
VisualStudioVersion = 16.0.29215.179
MinimumVisualStudioVersion = 10.0.40219.1
Project("{7CF6DF6D-3B04-46F8-A40B-537D21BCA0B4}") = "Documentation", "Documentation\Documentation.shfbproj", "{04BA65BF-B9D4-418D-8787-6A917221516D}"
EndProject
Project("{9A19103F-16F7-4668-BE54-9A1E7A4F7556}") = "BionicCode.Utilities.Net.Standard", "BionicCode.Utilities.Net.Standard\BionicCode.Utilities.Net.Standard.csproj", "{D147481E-42DB-4069-A8EB-88D5872D9FF1}"
EndProject
Project("{9A19103F-16F7-4668-BE54-9A1E7A4F7556}") = "BionicCode.Utilities.Net.Core.Wpf", "BionicCode.Utilities.Net.Core.Wpf\BionicCode.Utilities.Net.Core.Wpf.csproj", "{34BB1868-0F08-43CE-A225-3EE31268A900}"
EndProject
Project("{FAE04EC0-301F-11D3-BF4B-00C04F79EFBC}") = "BionicCode.Utilities.UnitTest.Uwp", "BionicCode.Utilities.UnitTest.Uwp\BionicCode.Utilities.UnitTest.Uwp.csproj", "{1EECAEFD-72BB-4215-B1CF-93ABE127D502}"
EndProject
Project("{FAE04EC0-301F-11D3-BF4B-00C04F79EFBC}") = "BionicCode.Utilities.UnitTest.Net.Framework", "BionicCode.Utilities.UnitTest.Net.Framework\BionicCode.Utilities.UnitTest.Net.Framework.csproj", "{5C2CC79E-C07A-4B1B-97BE-9E4156F882DC}"
EndProject
Project("{9A19103F-16F7-4668-BE54-9A1E7A4F7556}") = "BionicCode.Utilities.UnitTest.Net.Core", "BionicCode.Utilities.UnitTest.Net.Core\BionicCode.Utilities.UnitTest.Net.Core.csproj", "{EE94D9A6-1DCD-428E-996C-EBD15CF1756E}"
EndProject
Project("{FAE04EC0-301F-11D3-BF4B-00C04F79EFBC}") = "BionicCode.Utilities.UnitTest.Net.Standard", "BionicCode.Utilities.UnitTest.Net.Standard\BionicCode.Utilities.UnitTest.Net.Standard.csproj", "{1E49A8F2-FACB-47E3-BA4B-2C07C1EEFBEB}"
EndProject
Project("{9A19103F-16F7-4668-BE54-9A1E7A4F7556}") = "BionicCode.Controls.Net.Core.Wpf", "BionicCode.Controls.Net.Core.Wpf\BionicCode.Controls.Net.Core.Wpf.csproj", "{DA323F56-3C0F-4D2E-A99F-D6E3CCA0C3B0}"
EndProject
Project("{FAE04EC0-301F-11D3-BF4B-00C04F79EFBC}") = "BionicCode.Utilities.Net.Framework", "BionicCode.Utilities.Net.Framework\BionicCode.Utilities.Net.Framework.csproj", "{F1F301F6-CAF9-4460-BC4A-F73EA1789C5F}"
EndProject
Global
	GlobalSection(SolutionConfigurationPlatforms) = preSolution
		Debug|Any CPU = Debug|Any CPU
		Debug|ARM = Debug|ARM
		Debug|ARM64 = Debug|ARM64
		Debug|x64 = Debug|x64
		Debug|x86 = Debug|x86
		Release|Any CPU = Release|Any CPU
		Release|ARM = Release|ARM
		Release|ARM64 = Release|ARM64
		Release|x64 = Release|x64
		Release|x86 = Release|x86
	EndGlobalSection
	GlobalSection(ProjectConfigurationPlatforms) = postSolution
		{04BA65BF-B9D4-418D-8787-6A917221516D}.Debug|Any CPU.ActiveCfg = Debug|Any CPU
		{04BA65BF-B9D4-418D-8787-6A917221516D}.Debug|ARM.ActiveCfg = Debug|Any CPU
		{04BA65BF-B9D4-418D-8787-6A917221516D}.Debug|ARM.Build.0 = Debug|Any CPU
		{04BA65BF-B9D4-418D-8787-6A917221516D}.Debug|ARM64.ActiveCfg = Debug|Any CPU
		{04BA65BF-B9D4-418D-8787-6A917221516D}.Debug|ARM64.Build.0 = Debug|Any CPU
		{04BA65BF-B9D4-418D-8787-6A917221516D}.Debug|x64.ActiveCfg = Debug|Any CPU
		{04BA65BF-B9D4-418D-8787-6A917221516D}.Debug|x64.Build.0 = Debug|Any CPU
		{04BA65BF-B9D4-418D-8787-6A917221516D}.Debug|x86.ActiveCfg = Debug|Any CPU
		{04BA65BF-B9D4-418D-8787-6A917221516D}.Debug|x86.Build.0 = Debug|Any CPU
		{04BA65BF-B9D4-418D-8787-6A917221516D}.Release|Any CPU.ActiveCfg = Release|Any CPU
		{04BA65BF-B9D4-418D-8787-6A917221516D}.Release|Any CPU.Build.0 = Release|Any CPU
		{04BA65BF-B9D4-418D-8787-6A917221516D}.Release|ARM.ActiveCfg = Release|Any CPU
		{04BA65BF-B9D4-418D-8787-6A917221516D}.Release|ARM.Build.0 = Release|Any CPU
		{04BA65BF-B9D4-418D-8787-6A917221516D}.Release|ARM64.ActiveCfg = Release|Any CPU
		{04BA65BF-B9D4-418D-8787-6A917221516D}.Release|ARM64.Build.0 = Release|Any CPU
		{04BA65BF-B9D4-418D-8787-6A917221516D}.Release|x64.ActiveCfg = Release|Any CPU
		{04BA65BF-B9D4-418D-8787-6A917221516D}.Release|x64.Build.0 = Release|Any CPU
		{04BA65BF-B9D4-418D-8787-6A917221516D}.Release|x86.ActiveCfg = Release|Any CPU
		{04BA65BF-B9D4-418D-8787-6A917221516D}.Release|x86.Build.0 = Release|Any CPU
		{D147481E-42DB-4069-A8EB-88D5872D9FF1}.Debug|Any CPU.ActiveCfg = Debug|Any CPU
		{D147481E-42DB-4069-A8EB-88D5872D9FF1}.Debug|Any CPU.Build.0 = Debug|Any CPU
		{D147481E-42DB-4069-A8EB-88D5872D9FF1}.Debug|ARM.ActiveCfg = Debug|Any CPU
		{D147481E-42DB-4069-A8EB-88D5872D9FF1}.Debug|ARM.Build.0 = Debug|Any CPU
		{D147481E-42DB-4069-A8EB-88D5872D9FF1}.Debug|ARM64.ActiveCfg = Debug|Any CPU
		{D147481E-42DB-4069-A8EB-88D5872D9FF1}.Debug|ARM64.Build.0 = Debug|Any CPU
		{D147481E-42DB-4069-A8EB-88D5872D9FF1}.Debug|x64.ActiveCfg = Debug|Any CPU
		{D147481E-42DB-4069-A8EB-88D5872D9FF1}.Debug|x64.Build.0 = Debug|Any CPU
		{D147481E-42DB-4069-A8EB-88D5872D9FF1}.Debug|x86.ActiveCfg = Debug|Any CPU
		{D147481E-42DB-4069-A8EB-88D5872D9FF1}.Debug|x86.Build.0 = Debug|Any CPU
		{D147481E-42DB-4069-A8EB-88D5872D9FF1}.Release|Any CPU.ActiveCfg = Release|Any CPU
		{D147481E-42DB-4069-A8EB-88D5872D9FF1}.Release|Any CPU.Build.0 = Release|Any CPU
		{D147481E-42DB-4069-A8EB-88D5872D9FF1}.Release|ARM.ActiveCfg = Release|Any CPU
		{D147481E-42DB-4069-A8EB-88D5872D9FF1}.Release|ARM.Build.0 = Release|Any CPU
		{D147481E-42DB-4069-A8EB-88D5872D9FF1}.Release|ARM64.ActiveCfg = Release|Any CPU
		{D147481E-42DB-4069-A8EB-88D5872D9FF1}.Release|ARM64.Build.0 = Release|Any CPU
		{D147481E-42DB-4069-A8EB-88D5872D9FF1}.Release|x64.ActiveCfg = Release|Any CPU
		{D147481E-42DB-4069-A8EB-88D5872D9FF1}.Release|x64.Build.0 = Release|Any CPU
		{D147481E-42DB-4069-A8EB-88D5872D9FF1}.Release|x86.ActiveCfg = Release|Any CPU
		{D147481E-42DB-4069-A8EB-88D5872D9FF1}.Release|x86.Build.0 = Release|Any CPU
		{34BB1868-0F08-43CE-A225-3EE31268A900}.Debug|Any CPU.ActiveCfg = Debug|Any CPU
		{34BB1868-0F08-43CE-A225-3EE31268A900}.Debug|Any CPU.Build.0 = Debug|Any CPU
		{34BB1868-0F08-43CE-A225-3EE31268A900}.Debug|ARM.ActiveCfg = Debug|Any CPU
		{34BB1868-0F08-43CE-A225-3EE31268A900}.Debug|ARM.Build.0 = Debug|Any CPU
		{34BB1868-0F08-43CE-A225-3EE31268A900}.Debug|ARM64.ActiveCfg = Debug|Any CPU
		{34BB1868-0F08-43CE-A225-3EE31268A900}.Debug|ARM64.Build.0 = Debug|Any CPU
		{34BB1868-0F08-43CE-A225-3EE31268A900}.Debug|x64.ActiveCfg = Debug|Any CPU
		{34BB1868-0F08-43CE-A225-3EE31268A900}.Debug|x64.Build.0 = Debug|Any CPU
		{34BB1868-0F08-43CE-A225-3EE31268A900}.Debug|x86.ActiveCfg = Debug|Any CPU
		{34BB1868-0F08-43CE-A225-3EE31268A900}.Debug|x86.Build.0 = Debug|Any CPU
		{34BB1868-0F08-43CE-A225-3EE31268A900}.Release|Any CPU.ActiveCfg = Release|Any CPU
		{34BB1868-0F08-43CE-A225-3EE31268A900}.Release|Any CPU.Build.0 = Release|Any CPU
		{34BB1868-0F08-43CE-A225-3EE31268A900}.Release|ARM.ActiveCfg = Release|Any CPU
		{34BB1868-0F08-43CE-A225-3EE31268A900}.Release|ARM.Build.0 = Release|Any CPU
		{34BB1868-0F08-43CE-A225-3EE31268A900}.Release|ARM64.ActiveCfg = Release|Any CPU
		{34BB1868-0F08-43CE-A225-3EE31268A900}.Release|ARM64.Build.0 = Release|Any CPU
		{34BB1868-0F08-43CE-A225-3EE31268A900}.Release|x64.ActiveCfg = Release|Any CPU
		{34BB1868-0F08-43CE-A225-3EE31268A900}.Release|x64.Build.0 = Release|Any CPU
		{34BB1868-0F08-43CE-A225-3EE31268A900}.Release|x86.ActiveCfg = Release|Any CPU
		{34BB1868-0F08-43CE-A225-3EE31268A900}.Release|x86.Build.0 = Release|Any CPU
		{1EECAEFD-72BB-4215-B1CF-93ABE127D502}.Debug|Any CPU.ActiveCfg = Debug|x86
		{1EECAEFD-72BB-4215-B1CF-93ABE127D502}.Debug|ARM.ActiveCfg = Debug|ARM
		{1EECAEFD-72BB-4215-B1CF-93ABE127D502}.Debug|ARM.Build.0 = Debug|ARM
		{1EECAEFD-72BB-4215-B1CF-93ABE127D502}.Debug|ARM.Deploy.0 = Debug|ARM
		{1EECAEFD-72BB-4215-B1CF-93ABE127D502}.Debug|ARM64.ActiveCfg = Debug|ARM64
		{1EECAEFD-72BB-4215-B1CF-93ABE127D502}.Debug|ARM64.Build.0 = Debug|ARM64
		{1EECAEFD-72BB-4215-B1CF-93ABE127D502}.Debug|ARM64.Deploy.0 = Debug|ARM64
		{1EECAEFD-72BB-4215-B1CF-93ABE127D502}.Debug|x64.ActiveCfg = Debug|x64
		{1EECAEFD-72BB-4215-B1CF-93ABE127D502}.Debug|x64.Build.0 = Debug|x64
		{1EECAEFD-72BB-4215-B1CF-93ABE127D502}.Debug|x64.Deploy.0 = Debug|x64
		{1EECAEFD-72BB-4215-B1CF-93ABE127D502}.Debug|x86.ActiveCfg = Debug|x86
		{1EECAEFD-72BB-4215-B1CF-93ABE127D502}.Debug|x86.Build.0 = Debug|x86
		{1EECAEFD-72BB-4215-B1CF-93ABE127D502}.Debug|x86.Deploy.0 = Debug|x86
		{1EECAEFD-72BB-4215-B1CF-93ABE127D502}.Release|Any CPU.ActiveCfg = Release|x86
		{1EECAEFD-72BB-4215-B1CF-93ABE127D502}.Release|ARM.ActiveCfg = Release|ARM
		{1EECAEFD-72BB-4215-B1CF-93ABE127D502}.Release|ARM.Build.0 = Release|ARM
		{1EECAEFD-72BB-4215-B1CF-93ABE127D502}.Release|ARM.Deploy.0 = Release|ARM
		{1EECAEFD-72BB-4215-B1CF-93ABE127D502}.Release|ARM64.ActiveCfg = Release|ARM64
		{1EECAEFD-72BB-4215-B1CF-93ABE127D502}.Release|ARM64.Build.0 = Release|ARM64
		{1EECAEFD-72BB-4215-B1CF-93ABE127D502}.Release|ARM64.Deploy.0 = Release|ARM64
		{1EECAEFD-72BB-4215-B1CF-93ABE127D502}.Release|x64.ActiveCfg = Release|x64
		{1EECAEFD-72BB-4215-B1CF-93ABE127D502}.Release|x64.Build.0 = Release|x64
		{1EECAEFD-72BB-4215-B1CF-93ABE127D502}.Release|x64.Deploy.0 = Release|x64
		{1EECAEFD-72BB-4215-B1CF-93ABE127D502}.Release|x86.ActiveCfg = Release|x86
		{1EECAEFD-72BB-4215-B1CF-93ABE127D502}.Release|x86.Build.0 = Release|x86
		{1EECAEFD-72BB-4215-B1CF-93ABE127D502}.Release|x86.Deploy.0 = Release|x86
		{5C2CC79E-C07A-4B1B-97BE-9E4156F882DC}.Debug|Any CPU.ActiveCfg = Debug|Any CPU
		{5C2CC79E-C07A-4B1B-97BE-9E4156F882DC}.Debug|Any CPU.Build.0 = Debug|Any CPU
		{5C2CC79E-C07A-4B1B-97BE-9E4156F882DC}.Debug|ARM.ActiveCfg = Debug|Any CPU
		{5C2CC79E-C07A-4B1B-97BE-9E4156F882DC}.Debug|ARM.Build.0 = Debug|Any CPU
		{5C2CC79E-C07A-4B1B-97BE-9E4156F882DC}.Debug|ARM64.ActiveCfg = Debug|Any CPU
		{5C2CC79E-C07A-4B1B-97BE-9E4156F882DC}.Debug|ARM64.Build.0 = Debug|Any CPU
		{5C2CC79E-C07A-4B1B-97BE-9E4156F882DC}.Debug|x64.ActiveCfg = Debug|Any CPU
		{5C2CC79E-C07A-4B1B-97BE-9E4156F882DC}.Debug|x64.Build.0 = Debug|Any CPU
		{5C2CC79E-C07A-4B1B-97BE-9E4156F882DC}.Debug|x86.ActiveCfg = Debug|Any CPU
		{5C2CC79E-C07A-4B1B-97BE-9E4156F882DC}.Debug|x86.Build.0 = Debug|Any CPU
		{5C2CC79E-C07A-4B1B-97BE-9E4156F882DC}.Release|Any CPU.ActiveCfg = Release|Any CPU
		{5C2CC79E-C07A-4B1B-97BE-9E4156F882DC}.Release|Any CPU.Build.0 = Release|Any CPU
		{5C2CC79E-C07A-4B1B-97BE-9E4156F882DC}.Release|ARM.ActiveCfg = Release|Any CPU
		{5C2CC79E-C07A-4B1B-97BE-9E4156F882DC}.Release|ARM.Build.0 = Release|Any CPU
		{5C2CC79E-C07A-4B1B-97BE-9E4156F882DC}.Release|ARM64.ActiveCfg = Release|Any CPU
		{5C2CC79E-C07A-4B1B-97BE-9E4156F882DC}.Release|ARM64.Build.0 = Release|Any CPU
		{5C2CC79E-C07A-4B1B-97BE-9E4156F882DC}.Release|x64.ActiveCfg = Release|Any CPU
		{5C2CC79E-C07A-4B1B-97BE-9E4156F882DC}.Release|x64.Build.0 = Release|Any CPU
		{5C2CC79E-C07A-4B1B-97BE-9E4156F882DC}.Release|x86.ActiveCfg = Release|Any CPU
		{5C2CC79E-C07A-4B1B-97BE-9E4156F882DC}.Release|x86.Build.0 = Release|Any CPU
		{EE94D9A6-1DCD-428E-996C-EBD15CF1756E}.Debug|Any CPU.ActiveCfg = Debug|Any CPU
		{EE94D9A6-1DCD-428E-996C-EBD15CF1756E}.Debug|Any CPU.Build.0 = Debug|Any CPU
		{EE94D9A6-1DCD-428E-996C-EBD15CF1756E}.Debug|ARM.ActiveCfg = Debug|Any CPU
		{EE94D9A6-1DCD-428E-996C-EBD15CF1756E}.Debug|ARM.Build.0 = Debug|Any CPU
		{EE94D9A6-1DCD-428E-996C-EBD15CF1756E}.Debug|ARM64.ActiveCfg = Debug|Any CPU
		{EE94D9A6-1DCD-428E-996C-EBD15CF1756E}.Debug|ARM64.Build.0 = Debug|Any CPU
		{EE94D9A6-1DCD-428E-996C-EBD15CF1756E}.Debug|x64.ActiveCfg = Debug|Any CPU
		{EE94D9A6-1DCD-428E-996C-EBD15CF1756E}.Debug|x64.Build.0 = Debug|Any CPU
		{EE94D9A6-1DCD-428E-996C-EBD15CF1756E}.Debug|x86.ActiveCfg = Debug|Any CPU
		{EE94D9A6-1DCD-428E-996C-EBD15CF1756E}.Debug|x86.Build.0 = Debug|Any CPU
		{EE94D9A6-1DCD-428E-996C-EBD15CF1756E}.Release|Any CPU.ActiveCfg = Release|Any CPU
		{EE94D9A6-1DCD-428E-996C-EBD15CF1756E}.Release|Any CPU.Build.0 = Release|Any CPU
		{EE94D9A6-1DCD-428E-996C-EBD15CF1756E}.Release|ARM.ActiveCfg = Release|Any CPU
		{EE94D9A6-1DCD-428E-996C-EBD15CF1756E}.Release|ARM.Build.0 = Release|Any CPU
		{EE94D9A6-1DCD-428E-996C-EBD15CF1756E}.Release|ARM64.ActiveCfg = Release|Any CPU
		{EE94D9A6-1DCD-428E-996C-EBD15CF1756E}.Release|ARM64.Build.0 = Release|Any CPU
		{EE94D9A6-1DCD-428E-996C-EBD15CF1756E}.Release|x64.ActiveCfg = Release|Any CPU
		{EE94D9A6-1DCD-428E-996C-EBD15CF1756E}.Release|x64.Build.0 = Release|Any CPU
		{EE94D9A6-1DCD-428E-996C-EBD15CF1756E}.Release|x86.ActiveCfg = Release|Any CPU
		{EE94D9A6-1DCD-428E-996C-EBD15CF1756E}.Release|x86.Build.0 = Release|Any CPU
		{1E49A8F2-FACB-47E3-BA4B-2C07C1EEFBEB}.Debug|Any CPU.ActiveCfg = Debug|Any CPU
		{1E49A8F2-FACB-47E3-BA4B-2C07C1EEFBEB}.Debug|Any CPU.Build.0 = Debug|Any CPU
		{1E49A8F2-FACB-47E3-BA4B-2C07C1EEFBEB}.Debug|ARM.ActiveCfg = Debug|Any CPU
		{1E49A8F2-FACB-47E3-BA4B-2C07C1EEFBEB}.Debug|ARM.Build.0 = Debug|Any CPU
		{1E49A8F2-FACB-47E3-BA4B-2C07C1EEFBEB}.Debug|ARM64.ActiveCfg = Debug|Any CPU
		{1E49A8F2-FACB-47E3-BA4B-2C07C1EEFBEB}.Debug|ARM64.Build.0 = Debug|Any CPU
		{1E49A8F2-FACB-47E3-BA4B-2C07C1EEFBEB}.Debug|x64.ActiveCfg = Debug|Any CPU
		{1E49A8F2-FACB-47E3-BA4B-2C07C1EEFBEB}.Debug|x64.Build.0 = Debug|Any CPU
		{1E49A8F2-FACB-47E3-BA4B-2C07C1EEFBEB}.Debug|x86.ActiveCfg = Debug|Any CPU
		{1E49A8F2-FACB-47E3-BA4B-2C07C1EEFBEB}.Debug|x86.Build.0 = Debug|Any CPU
		{1E49A8F2-FACB-47E3-BA4B-2C07C1EEFBEB}.Release|Any CPU.ActiveCfg = Release|Any CPU
		{1E49A8F2-FACB-47E3-BA4B-2C07C1EEFBEB}.Release|Any CPU.Build.0 = Release|Any CPU
		{1E49A8F2-FACB-47E3-BA4B-2C07C1EEFBEB}.Release|ARM.ActiveCfg = Release|Any CPU
		{1E49A8F2-FACB-47E3-BA4B-2C07C1EEFBEB}.Release|ARM.Build.0 = Release|Any CPU
		{1E49A8F2-FACB-47E3-BA4B-2C07C1EEFBEB}.Release|ARM64.ActiveCfg = Release|Any CPU
		{1E49A8F2-FACB-47E3-BA4B-2C07C1EEFBEB}.Release|ARM64.Build.0 = Release|Any CPU
		{1E49A8F2-FACB-47E3-BA4B-2C07C1EEFBEB}.Release|x64.ActiveCfg = Release|Any CPU
		{1E49A8F2-FACB-47E3-BA4B-2C07C1EEFBEB}.Release|x64.Build.0 = Release|Any CPU
		{1E49A8F2-FACB-47E3-BA4B-2C07C1EEFBEB}.Release|x86.ActiveCfg = Release|Any CPU
		{1E49A8F2-FACB-47E3-BA4B-2C07C1EEFBEB}.Release|x86.Build.0 = Release|Any CPU
		{DA323F56-3C0F-4D2E-A99F-D6E3CCA0C3B0}.Debug|Any CPU.ActiveCfg = Debug|Any CPU
		{DA323F56-3C0F-4D2E-A99F-D6E3CCA0C3B0}.Debug|Any CPU.Build.0 = Debug|Any CPU
		{DA323F56-3C0F-4D2E-A99F-D6E3CCA0C3B0}.Debug|ARM.ActiveCfg = Debug|Any CPU
		{DA323F56-3C0F-4D2E-A99F-D6E3CCA0C3B0}.Debug|ARM.Build.0 = Debug|Any CPU
		{DA323F56-3C0F-4D2E-A99F-D6E3CCA0C3B0}.Debug|ARM64.ActiveCfg = Debug|Any CPU
		{DA323F56-3C0F-4D2E-A99F-D6E3CCA0C3B0}.Debug|ARM64.Build.0 = Debug|Any CPU
		{DA323F56-3C0F-4D2E-A99F-D6E3CCA0C3B0}.Debug|x64.ActiveCfg = Debug|Any CPU
		{DA323F56-3C0F-4D2E-A99F-D6E3CCA0C3B0}.Debug|x64.Build.0 = Debug|Any CPU
		{DA323F56-3C0F-4D2E-A99F-D6E3CCA0C3B0}.Debug|x86.ActiveCfg = Debug|Any CPU
		{DA323F56-3C0F-4D2E-A99F-D6E3CCA0C3B0}.Debug|x86.Build.0 = Debug|Any CPU
		{DA323F56-3C0F-4D2E-A99F-D6E3CCA0C3B0}.Release|Any CPU.ActiveCfg = Release|Any CPU
		{DA323F56-3C0F-4D2E-A99F-D6E3CCA0C3B0}.Release|Any CPU.Build.0 = Release|Any CPU
		{DA323F56-3C0F-4D2E-A99F-D6E3CCA0C3B0}.Release|ARM.ActiveCfg = Release|Any CPU
		{DA323F56-3C0F-4D2E-A99F-D6E3CCA0C3B0}.Release|ARM.Build.0 = Release|Any CPU
		{DA323F56-3C0F-4D2E-A99F-D6E3CCA0C3B0}.Release|ARM64.ActiveCfg = Release|Any CPU
		{DA323F56-3C0F-4D2E-A99F-D6E3CCA0C3B0}.Release|ARM64.Build.0 = Release|Any CPU
		{DA323F56-3C0F-4D2E-A99F-D6E3CCA0C3B0}.Release|x64.ActiveCfg = Release|Any CPU
		{DA323F56-3C0F-4D2E-A99F-D6E3CCA0C3B0}.Release|x64.Build.0 = Release|Any CPU
		{DA323F56-3C0F-4D2E-A99F-D6E3CCA0C3B0}.Release|x86.ActiveCfg = Release|Any CPU
		{DA323F56-3C0F-4D2E-A99F-D6E3CCA0C3B0}.Release|x86.Build.0 = Release|Any CPU
		{F1F301F6-CAF9-4460-BC4A-F73EA1789C5F}.Debug|Any CPU.ActiveCfg = Debug|Any CPU
		{F1F301F6-CAF9-4460-BC4A-F73EA1789C5F}.Debug|Any CPU.Build.0 = Debug|Any CPU
		{F1F301F6-CAF9-4460-BC4A-F73EA1789C5F}.Debug|ARM.ActiveCfg = Debug|Any CPU
		{F1F301F6-CAF9-4460-BC4A-F73EA1789C5F}.Debug|ARM.Build.0 = Debug|Any CPU
		{F1F301F6-CAF9-4460-BC4A-F73EA1789C5F}.Debug|ARM64.ActiveCfg = Debug|Any CPU
		{F1F301F6-CAF9-4460-BC4A-F73EA1789C5F}.Debug|ARM64.Build.0 = Debug|Any CPU
		{F1F301F6-CAF9-4460-BC4A-F73EA1789C5F}.Debug|x64.ActiveCfg = Debug|Any CPU
		{F1F301F6-CAF9-4460-BC4A-F73EA1789C5F}.Debug|x64.Build.0 = Debug|Any CPU
		{F1F301F6-CAF9-4460-BC4A-F73EA1789C5F}.Debug|x86.ActiveCfg = Debug|Any CPU
		{F1F301F6-CAF9-4460-BC4A-F73EA1789C5F}.Debug|x86.Build.0 = Debug|Any CPU
		{F1F301F6-CAF9-4460-BC4A-F73EA1789C5F}.Release|Any CPU.ActiveCfg = Release|Any CPU
		{F1F301F6-CAF9-4460-BC4A-F73EA1789C5F}.Release|Any CPU.Build.0 = Release|Any CPU
		{F1F301F6-CAF9-4460-BC4A-F73EA1789C5F}.Release|ARM.ActiveCfg = Release|Any CPU
		{F1F301F6-CAF9-4460-BC4A-F73EA1789C5F}.Release|ARM.Build.0 = Release|Any CPU
		{F1F301F6-CAF9-4460-BC4A-F73EA1789C5F}.Release|ARM64.ActiveCfg = Release|Any CPU
		{F1F301F6-CAF9-4460-BC4A-F73EA1789C5F}.Release|ARM64.Build.0 = Release|Any CPU
		{F1F301F6-CAF9-4460-BC4A-F73EA1789C5F}.Release|x64.ActiveCfg = Release|Any CPU
		{F1F301F6-CAF9-4460-BC4A-F73EA1789C5F}.Release|x64.Build.0 = Release|Any CPU
		{F1F301F6-CAF9-4460-BC4A-F73EA1789C5F}.Release|x86.ActiveCfg = Release|Any CPU
		{F1F301F6-CAF9-4460-BC4A-F73EA1789C5F}.Release|x86.Build.0 = Release|Any CPU
	EndGlobalSection
	GlobalSection(SolutionProperties) = preSolution
		HideSolutionNode = FALSE
	EndGlobalSection
	GlobalSection(ExtensibilityGlobals) = postSolution
		SolutionGuid = {2183E746-A547-4EFD-AB4B-B517EBB9F54C}
	EndGlobalSection
EndGlobal
